<?xml version="1.0" encoding="utf-8"?>
<Project ToolsVersion="4.0" xmlns="http://schemas.microsoft.com/developer/msbuild/2003">
  <ItemGroup>
    <Filter Include="Resource Files">
      <UniqueIdentifier>{67DA6AB6-F800-4c08-8B7A-83BB121AAD01}</UniqueIdentifier>
      <Extensions>rc;ico;cur;bmp;dlg;rc2;rct;bin;rgs;gif;jpg;jpeg;jpe;resx;tiff;tif;png;wav;mfcribbon-ms</Extensions>
    </Filter>
    <Filter Include="Framework">
      <UniqueIdentifier>{e8f2224e-69a1-4801-bab2-57ae8a99bdc7}</UniqueIdentifier>
    </Filter>
    <Filter Include="Framework\GameComponents">
      <UniqueIdentifier>{4106d0aa-827e-4f3d-acc1-c24beb3c02ae}</UniqueIdentifier>
    </Filter>
    <Filter Include="Framework\GameComponents\Sound">
      <UniqueIdentifier>{8892acc9-ef95-470d-b971-464ffd6b70a0}</UniqueIdentifier>
    </Filter>
    <Filter Include="Framework\MapReader">
      <UniqueIdentifier>{e43a313d-fcf0-4d94-adcc-f30d3a39e89a}</UniqueIdentifier>
    </Filter>
  </ItemGroup>
  <ItemGroup>
    <ClCompile Include="GameGlobal.cpp">
      <Filter>Framework\GameComponents</Filter>
    </ClCompile>
    <ClCompile Include="winmain.cpp" />
    <ClCompile Include="Graphics.cpp">
      <Filter>Framework\GameComponents</Filter>
    </ClCompile>
    <ClCompile Include="Game.cpp">
      <Filter>Framework\GameComponents</Filter>
    </ClCompile>
    <ClCompile Include="dsutil.cpp">
      <Filter>Framework\GameComponents\Sound</Filter>
    </ClCompile>
    <ClCompile Include="dxutil.cpp">
      <Filter>Framework\GameComponents\Sound</Filter>
    </ClCompile>
    <ClCompile Include="Sound.cpp">
      <Filter>Framework\GameComponents\Sound</Filter>
    </ClCompile>
    <ClCompile Include="Sprite.cpp">
      <Filter>Framework\GameComponents</Filter>
    </ClCompile>
    <ClCompile Include="Input.cpp">
      <Filter>Framework\GameComponents</Filter>
    </ClCompile>
    <ClCompile Include="MapReader\base64.cpp">
      <Filter>Framework\MapReader</Filter>
    </ClCompile>
    <ClCompile Include="MapReader\miniz.c">
      <Filter>Framework\MapReader</Filter>
    </ClCompile>
    <ClCompile Include="MapReader\tinyxml2.cpp">
      <Filter>Framework\MapReader</Filter>
    </ClCompile>
    <ClCompile Include="MapReader\TmxEllipse.cpp">
      <Filter>Framework\MapReader</Filter>
    </ClCompile>
    <ClCompile Include="MapReader\TmxImage.cpp">
      <Filter>Framework\MapReader</Filter>
    </ClCompile>
    <ClCompile Include="MapReader\TmxImageLayer.cpp">
      <Filter>Framework\MapReader</Filter>
    </ClCompile>
    <ClCompile Include="MapReader\TmxLayer.cpp">
      <Filter>Framework\MapReader</Filter>
    </ClCompile>
    <ClCompile Include="MapReader\TmxMap.cpp">
      <Filter>Framework\MapReader</Filter>
    </ClCompile>
    <ClCompile Include="MapReader\TmxObject.cpp">
      <Filter>Framework\MapReader</Filter>
    </ClCompile>
    <ClCompile Include="MapReader\TmxObjectGroup.cpp">
      <Filter>Framework\MapReader</Filter>
    </ClCompile>
    <ClCompile Include="MapReader\TmxPolygon.cpp">
      <Filter>Framework\MapReader</Filter>
    </ClCompile>
    <ClCompile Include="MapReader\TmxPolyline.cpp">
      <Filter>Framework\MapReader</Filter>
    </ClCompile>
    <ClCompile Include="MapReader\TmxPropertySet.cpp">
      <Filter>Framework\MapReader</Filter>
    </ClCompile>
    <ClCompile Include="MapReader\TmxTerrain.cpp">
      <Filter>Framework\MapReader</Filter>
    </ClCompile>
    <ClCompile Include="MapReader\TmxTerrainArray.cpp">
      <Filter>Framework\MapReader</Filter>
    </ClCompile>
    <ClCompile Include="MapReader\TmxTile.cpp">
      <Filter>Framework\MapReader</Filter>
    </ClCompile>
    <ClCompile Include="MapReader\TmxTileLayer.cpp">
      <Filter>Framework\MapReader</Filter>
    </ClCompile>
    <ClCompile Include="MapReader\TmxTileOffset.cpp">
      <Filter>Framework\MapReader</Filter>
    </ClCompile>
    <ClCompile Include="MapReader\TmxTileset.cpp">
      <Filter>Framework\MapReader</Filter>
    </ClCompile>
    <ClCompile Include="MapReader\TmxUtil.cpp">
      <Filter>Framework\MapReader</Filter>
    </ClCompile>
    <ClCompile Include="GameMap.cpp">
      <Filter>Framework\GameComponents</Filter>
    </ClCompile>
  </ItemGroup>
  <ItemGroup>
    <ClInclude Include="GameGlobal.h">
      <Filter>Framework\GameComponents</Filter>
    </ClInclude>
    <ClInclude Include="Graphics.h">
      <Filter>Framework\GameComponents</Filter>
    </ClInclude>
    <ClInclude Include="Game.h">
      <Filter>Framework\GameComponents</Filter>
    </ClInclude>
    <ClInclude Include="dsutil.h">
      <Filter>Framework\GameComponents\Sound</Filter>
    </ClInclude>
    <ClInclude Include="dxutil.h">
      <Filter>Framework\GameComponents\Sound</Filter>
    </ClInclude>
    <ClInclude Include="Sound.h">
      <Filter>Framework\GameComponents\Sound</Filter>
    </ClInclude>
    <ClInclude Include="Sprite.h">
      <Filter>Framework\GameComponents</Filter>
    </ClInclude>
    <ClInclude Include="Input.h">
      <Filter>Framework\GameComponents</Filter>
    </ClInclude>
    <ClInclude Include="MapReader\base64.h">
      <Filter>Framework\MapReader</Filter>
    </ClInclude>
    <ClInclude Include="MapReader\tinyxml2.h">
      <Filter>Framework\MapReader</Filter>
    </ClInclude>
    <ClInclude Include="MapReader\TmxEllipse.h">
      <Filter>Framework\MapReader</Filter>
    </ClInclude>
    <ClInclude Include="MapReader\TmxImage.h">
      <Filter>Framework\MapReader</Filter>
    </ClInclude>
    <ClInclude Include="MapReader\TmxImageLayer.h">
      <Filter>Framework\MapReader</Filter>
    </ClInclude>
    <ClInclude Include="MapReader\TmxLayer.h">
      <Filter>Framework\MapReader</Filter>
    </ClInclude>
    <ClInclude Include="MapReader\TmxMap.h">
      <Filter>Framework\MapReader</Filter>
    </ClInclude>
    <ClInclude Include="MapReader\TmxMapTile.h">
      <Filter>Framework\MapReader</Filter>
    </ClInclude>
    <ClInclude Include="MapReader\TmxObject.h">
      <Filter>Framework\MapReader</Filter>
    </ClInclude>
    <ClInclude Include="MapReader\TmxObjectGroup.h">
      <Filter>Framework\MapReader</Filter>
    </ClInclude>
    <ClInclude Include="MapReader\TmxPoint.h">
      <Filter>Framework\MapReader</Filter>
    </ClInclude>
    <ClInclude Include="MapReader\TmxPolygon.h">
      <Filter>Framework\MapReader</Filter>
    </ClInclude>
    <ClInclude Include="MapReader\TmxPolyline.h">
      <Filter>Framework\MapReader</Filter>
    </ClInclude>
    <ClInclude Include="MapReader\TmxPropertySet.h">
      <Filter>Framework\MapReader</Filter>
    </ClInclude>
    <ClInclude Include="MapReader\TmxTerrain.h">
      <Filter>Framework\MapReader</Filter>
    </ClInclude>
    <ClInclude Include="MapReader\TmxTerrainArray.h">
      <Filter>Framework\MapReader</Filter>
    </ClInclude>
    <ClInclude Include="MapReader\TmxTile.h">
      <Filter>Framework\MapReader</Filter>
    </ClInclude>
    <ClInclude Include="MapReader\TmxTileLayer.h">
      <Filter>Framework\MapReader</Filter>
    </ClInclude>
    <ClInclude Include="MapReader\TmxTileOffset.h">
      <Filter>Framework\MapReader</Filter>
    </ClInclude>
    <ClInclude Include="MapReader\TmxTileset.h">
      <Filter>Framework\MapReader</Filter>
    </ClInclude>
    <ClInclude Include="MapReader\TmxUtil.h">
      <Filter>Framework\MapReader</Filter>
    </ClInclude>
    <ClInclude Include="MapReader\zconf.h">
      <Filter>Framework\MapReader</Filter>
    </ClInclude>
    <ClInclude Include="MapReader\zlib.h">
      <Filter>Framework\MapReader</Filter>
    </ClInclude>
    <ClInclude Include="GameMap.h">
      <Filter>Framework\GameComponents</Filter>
    </ClInclude>
  </ItemGroup>
  <ItemGroup>
    <None Include="MapReader\Tmx.h.in">
      <Filter>Framework\MapReader</Filter>
    </None>
  </ItemGroup>
</Project>