<?xml version="1.0" encoding="utf-8"?>
<Project ToolsVersion="4.0" xmlns="http://schemas.microsoft.com/developer/msbuild/2003">
  <ItemGroup>
    <Filter Include="Resource Files">
      <UniqueIdentifier>{67DA6AB6-F800-4c08-8B7A-83BB121AAD01}</UniqueIdentifier>
      <Extensions>rc;ico;cur;bmp;dlg;rc2;rct;bin;rgs;gif;jpg;jpeg;jpe;resx;tiff;tif;png;wav;mfcribbon-ms</Extensions>
    </Filter>
    <Filter Include="Framework">
      <UniqueIdentifier>{e8f2224e-69a1-4801-bab2-57ae8a99bdc7}</UniqueIdentifier>
    </Filter>
    <Filter Include="Framework\GameComponents">
      <UniqueIdentifier>{4106d0aa-827e-4f3d-acc1-c24beb3c02ae}</UniqueIdentifier>
    </Filter>
    <Filter Include="Framework\GameComponents\Sound">
      <UniqueIdentifier>{8892acc9-ef95-470d-b971-464ffd6b70a0}</UniqueIdentifier>
    </Filter>
    <Filter Include="Framework\GameObjects">
      <UniqueIdentifier>{4a3a8ab1-a320-4526-ab70-0b9a30c5aad6}</UniqueIdentifier>
    </Filter>
    <Filter Include="Framework\GameObjects\Megaman">
      <UniqueIdentifier>{b4438f8d-7d4c-42e9-8320-c812891c278f}</UniqueIdentifier>
    </Filter>
    <Filter Include="Framework\GameObjects\Enemies">
      <UniqueIdentifier>{4466fcb1-27d4-4939-a2d9-be3477c91b31}</UniqueIdentifier>
    </Filter>
  </ItemGroup>
  <ItemGroup>
    <ClCompile Include="GameGlobal.cpp">
      <Filter>Framework\GameComponents</Filter>
    </ClCompile>
    <ClCompile Include="winmain.cpp" />
    <ClCompile Include="Graphics.cpp">
      <Filter>Framework\GameComponents</Filter>
    </ClCompile>
    <ClCompile Include="Game.cpp">
      <Filter>Framework\GameComponents</Filter>
    </ClCompile>
    <ClCompile Include="dsutil.cpp">
      <Filter>Framework\GameComponents\Sound</Filter>
    </ClCompile>
    <ClCompile Include="dxutil.cpp">
      <Filter>Framework\GameComponents\Sound</Filter>
    </ClCompile>
    <ClCompile Include="Sound.cpp">
      <Filter>Framework\GameComponents\Sound</Filter>
    </ClCompile>
    <ClCompile Include="Sprite.cpp">
      <Filter>Framework\GameComponents</Filter>
    </ClCompile>
    <ClCompile Include="Animation.cpp">
      <Filter>Framework\GameComponents</Filter>
    </ClCompile>
    <ClCompile Include="MObject.cpp">
      <Filter>Framework\GameComponents</Filter>
    </ClCompile>
    <ClCompile Include="Sun.cpp">
      <Filter>Framework\GameObjects\Enemies</Filter>
    </ClCompile>
    <ClCompile Include="Input.cpp">
      <Filter>Framework\GameComponents</Filter>
    </ClCompile>
    <ClCompile Include="Megaman.cpp">
      <Filter>Framework\GameObjects\Megaman</Filter>
    </ClCompile>
  </ItemGroup>
  <ItemGroup>
    <ClInclude Include="GameGlobal.h">
      <Filter>Framework\GameComponents</Filter>
    </ClInclude>
    <ClInclude Include="Graphics.h">
      <Filter>Framework\GameComponents</Filter>
    </ClInclude>
    <ClInclude Include="Game.h">
      <Filter>Framework\GameComponents</Filter>
    </ClInclude>
    <ClInclude Include="dsutil.h">
      <Filter>Framework\GameComponents\Sound</Filter>
    </ClInclude>
    <ClInclude Include="dxutil.h">
      <Filter>Framework\GameComponents\Sound</Filter>
    </ClInclude>
    <ClInclude Include="Sound.h">
      <Filter>Framework\GameComponents\Sound</Filter>
    </ClInclude>
    <ClInclude Include="Sprite.h">
      <Filter>Framework\GameComponents</Filter>
    </ClInclude>
    <ClInclude Include="Animation.h">
      <Filter>Framework\GameComponents</Filter>
    </ClInclude>
    <ClInclude Include="MObject.h">
      <Filter>Framework\GameComponents</Filter>
    </ClInclude>
    <ClInclude Include="Sun.h">
      <Filter>Framework\GameObjects\Enemies</Filter>
    </ClInclude>
    <ClInclude Include="Input.h">
      <Filter>Framework\GameComponents</Filter>
    </ClInclude>
    <ClInclude Include="Megaman.h">
      <Filter>Framework\GameObjects\Megaman</Filter>
    </ClInclude>
  </ItemGroup>
</Project>